
Microsoft Visual Studio Solution File, Format Version 12.00
# Visual Studio Version 16
VisualStudioVersion = 16.0.28407.52
MinimumVisualStudioVersion = 10.0.40219.1
Project("{FAE04EC0-301F-11D3-BF4B-00C04F79EFBC}") = "HLab", "HLab\HLab.csproj", "{4CB37225-8324-4E34-A66E-5E3897FCF18F}"
EndProject
Project("{9A19103F-16F7-4668-BE54-9A1E7A4F7556}") = "HLab.Base", "..\HLab.Base\HLab.Base.csproj", "{0D94ED55-9E9C-45FC-9B73-2897B5D1ABE2}"
EndProject
Project("{9A19103F-16F7-4668-BE54-9A1E7A4F7556}") = "XUnitTestProject1", "..\HLab.Base.Utests\XUnitTestProject1\XUnitTestProject1.csproj", "{051C2ADB-9C12-4C63-9D96-82615D997981}"
EndProject
Project("{FAE04EC0-301F-11D3-BF4B-00C04F79EFBC}") = "HLab.Base.Wpf", "..\HLab.Base.Wpf\HLab.Base.Wpf.csproj", "{6EEB284B-1BA3-4CEC-975C-752D32A3BC19}"
EndProject
Project("{9A19103F-16F7-4668-BE54-9A1E7A4F7556}") = "HLab.Bootloader", "..\HLab.Bootloader\HLab.Bootloader.csproj", "{924C9D3B-47C6-4FAA-90C8-1C24692480D1}"
EndProject
Project("{9A19103F-16F7-4668-BE54-9A1E7A4F7556}") = "HLab.Core", "..\HLab.Core\HLab.Core.csproj", "{A3F271A6-AF48-4E57-8199-3ADDE596B3D2}"
EndProject
Project("{9A19103F-16F7-4668-BE54-9A1E7A4F7556}") = "HLab.Core.Annotations", "..\HLab.Core.Annotations\HLab.Core.Annotations.csproj", "{398EE20D-6F1C-40A1-8146-8928125288D8}"
EndProject
Project("{9A19103F-16F7-4668-BE54-9A1E7A4F7556}") = "HLab.DependencyInjection", "..\HLab.DependencyInjection\HLab.DependencyInjection.csproj", "{0F808508-EE16-40BE-829D-4DD9F0ACE5EA}"
EndProject
Project("{9A19103F-16F7-4668-BE54-9A1E7A4F7556}") = "HLab.DependencyInjection.Annotations", "..\HLab.DependencyInjection.Annotations\HLab.DependencyInjection.Annotations.csproj", "{7E99ABD8-C9D9-4C1A-A861-FCE49AC3290C}"
EndProject
Project("{9A19103F-16F7-4668-BE54-9A1E7A4F7556}") = "HLab.DependencyInjection.UTests", "..\HLab.DependencyInjection.UTests\HLab.DependencyInjection.UTests.csproj", "{15890282-6097-4C18-8263-1AC1E18E1BAF}"
EndProject
Project("{9A19103F-16F7-4668-BE54-9A1E7A4F7556}") = "HLab.Mvvm", "..\HLab.Mvvm\HLab.Mvvm.csproj", "{2AAC151A-8B7B-4B3C-9E89-A08715DD898A}"
EndProject
Project("{9A19103F-16F7-4668-BE54-9A1E7A4F7556}") = "HLab.Mvvm.Annotations", "..\HLab.Mvvm.Annotations\HLab.Mvvm.Annotations.csproj", "{489749AD-32CB-485E-9AA3-849CA6381117}"
EndProject
Project("{FAE04EC0-301F-11D3-BF4B-00C04F79EFBC}") = "HLab.Mvvm.Flowchart", "..\HLab.Mvvm.Flowchart\HLab.Mvvm.Flowchart.csproj", "{4BFDDF8D-2295-42D5-85C9-506E67D314A5}"
EndProject
Project("{9A19103F-16F7-4668-BE54-9A1E7A4F7556}") = "HLab.Mvvm.UTests", "..\HLab.Mvvm.UTests\HLab.Mvvm.UTests.csproj", "{BC1D6335-6702-4C11-A126-B00E429AE8DA}"
EndProject
Project("{FAE04EC0-301F-11D3-BF4B-00C04F79EFBC}") = "HLab.Mvvm.Wpf", "..\HLab.Mvvm.Wpf\HLab.Mvvm.Wpf.csproj", "{A3EAAA24-5913-471E-ADB1-402F64536A63}"
EndProject
Project("{9A19103F-16F7-4668-BE54-9A1E7A4F7556}") = "HLab.Notify", "..\HLab.Notify\HLab.Notify.csproj", "{5E454BA2-011C-4BC8-B753-91B41BA35AC2}"
EndProject
Project("{9A19103F-16F7-4668-BE54-9A1E7A4F7556}") = "HLab.Notify.Annotations", "..\HLab.Notify.Annotations\HLab.Notify.Annotations.csproj", "{7B380674-A416-400E-825B-749411DA383A}"
EndProject
Project("{9A19103F-16F7-4668-BE54-9A1E7A4F7556}") = "HLab.Notify.UTests", "..\HLab.Notify.UTests\HLab.Notify.UTests.csproj", "{9EE081BD-F184-4D8B-BFFA-74DDCABD067B}"
EndProject
Project("{FAE04EC0-301F-11D3-BF4B-00C04F79EFBC}") = "HLab.Notify.Wpf", "..\HLab.Notify.Wpf\HLab.Notify.Wpf.csproj", "{267BDC6C-00BB-457C-8097-8ED6D4761122}"
EndProject
Global
	GlobalSection(SolutionConfigurationPlatforms) = preSolution
		Debug|Any CPU = Debug|Any CPU
		Debug|x64 = Debug|x64
		Debug|x86 = Debug|x86
		Release|Any CPU = Release|Any CPU
		Release|x64 = Release|x64
		Release|x86 = Release|x86
	EndGlobalSection
	GlobalSection(ProjectConfigurationPlatforms) = postSolution
		{4CB37225-8324-4E34-A66E-5E3897FCF18F}.Debug|Any CPU.ActiveCfg = Debug|Any CPU
		{4CB37225-8324-4E34-A66E-5E3897FCF18F}.Debug|Any CPU.Build.0 = Debug|Any CPU
		{4CB37225-8324-4E34-A66E-5E3897FCF18F}.Debug|x64.ActiveCfg = Debug|Any CPU
		{4CB37225-8324-4E34-A66E-5E3897FCF18F}.Debug|x64.Build.0 = Debug|Any CPU
		{4CB37225-8324-4E34-A66E-5E3897FCF18F}.Debug|x86.ActiveCfg = Debug|Any CPU
		{4CB37225-8324-4E34-A66E-5E3897FCF18F}.Debug|x86.Build.0 = Debug|Any CPU
		{4CB37225-8324-4E34-A66E-5E3897FCF18F}.Release|Any CPU.ActiveCfg = Release|Any CPU
		{4CB37225-8324-4E34-A66E-5E3897FCF18F}.Release|Any CPU.Build.0 = Release|Any CPU
		{4CB37225-8324-4E34-A66E-5E3897FCF18F}.Release|x64.ActiveCfg = Release|x64
		{4CB37225-8324-4E34-A66E-5E3897FCF18F}.Release|x64.Build.0 = Release|x64
		{4CB37225-8324-4E34-A66E-5E3897FCF18F}.Release|x86.ActiveCfg = Release|Any CPU
		{4CB37225-8324-4E34-A66E-5E3897FCF18F}.Release|x86.Build.0 = Release|Any CPU
		{0D94ED55-9E9C-45FC-9B73-2897B5D1ABE2}.Debug|Any CPU.ActiveCfg = Debug|Any CPU
		{0D94ED55-9E9C-45FC-9B73-2897B5D1ABE2}.Debug|Any CPU.Build.0 = Debug|Any CPU
		{0D94ED55-9E9C-45FC-9B73-2897B5D1ABE2}.Debug|x64.ActiveCfg = Debug|x64
		{0D94ED55-9E9C-45FC-9B73-2897B5D1ABE2}.Debug|x64.Build.0 = Debug|x64
		{0D94ED55-9E9C-45FC-9B73-2897B5D1ABE2}.Debug|x86.ActiveCfg = Debug|Any CPU
		{0D94ED55-9E9C-45FC-9B73-2897B5D1ABE2}.Debug|x86.Build.0 = Debug|Any CPU
		{0D94ED55-9E9C-45FC-9B73-2897B5D1ABE2}.Release|Any CPU.ActiveCfg = Release|Any CPU
		{0D94ED55-9E9C-45FC-9B73-2897B5D1ABE2}.Release|Any CPU.Build.0 = Release|Any CPU
		{0D94ED55-9E9C-45FC-9B73-2897B5D1ABE2}.Release|x64.ActiveCfg = Release|x64
		{0D94ED55-9E9C-45FC-9B73-2897B5D1ABE2}.Release|x64.Build.0 = Release|x64
		{0D94ED55-9E9C-45FC-9B73-2897B5D1ABE2}.Release|x86.ActiveCfg = Release|Any CPU
		{0D94ED55-9E9C-45FC-9B73-2897B5D1ABE2}.Release|x86.Build.0 = Release|Any CPU
		{051C2ADB-9C12-4C63-9D96-82615D997981}.Debug|Any CPU.ActiveCfg = Debug|Any CPU
		{051C2ADB-9C12-4C63-9D96-82615D997981}.Debug|Any CPU.Build.0 = Debug|Any CPU
		{051C2ADB-9C12-4C63-9D96-82615D997981}.Debug|x64.ActiveCfg = Debug|Any CPU
		{051C2ADB-9C12-4C63-9D96-82615D997981}.Debug|x64.Build.0 = Debug|Any CPU
		{051C2ADB-9C12-4C63-9D96-82615D997981}.Debug|x86.ActiveCfg = Debug|Any CPU
		{051C2ADB-9C12-4C63-9D96-82615D997981}.Debug|x86.Build.0 = Debug|Any CPU
		{051C2ADB-9C12-4C63-9D96-82615D997981}.Release|Any CPU.ActiveCfg = Release|Any CPU
		{051C2ADB-9C12-4C63-9D96-82615D997981}.Release|Any CPU.Build.0 = Release|Any CPU
		{051C2ADB-9C12-4C63-9D96-82615D997981}.Release|x64.ActiveCfg = Release|x64
		{051C2ADB-9C12-4C63-9D96-82615D997981}.Release|x64.Build.0 = Release|x64
		{051C2ADB-9C12-4C63-9D96-82615D997981}.Release|x86.ActiveCfg = Release|Any CPU
		{051C2ADB-9C12-4C63-9D96-82615D997981}.Release|x86.Build.0 = Release|Any CPU
		{6EEB284B-1BA3-4CEC-975C-752D32A3BC19}.Debug|Any CPU.ActiveCfg = Debug|Any CPU
		{6EEB284B-1BA3-4CEC-975C-752D32A3BC19}.Debug|Any CPU.Build.0 = Debug|Any CPU
		{6EEB284B-1BA3-4CEC-975C-752D32A3BC19}.Debug|x64.ActiveCfg = Debug|x64
		{6EEB284B-1BA3-4CEC-975C-752D32A3BC19}.Debug|x64.Build.0 = Debug|x64
		{6EEB284B-1BA3-4CEC-975C-752D32A3BC19}.Debug|x86.ActiveCfg = Debug|Any CPU
		{6EEB284B-1BA3-4CEC-975C-752D32A3BC19}.Debug|x86.Build.0 = Debug|Any CPU
		{6EEB284B-1BA3-4CEC-975C-752D32A3BC19}.Release|Any CPU.ActiveCfg = Release|Any CPU
		{6EEB284B-1BA3-4CEC-975C-752D32A3BC19}.Release|Any CPU.Build.0 = Release|Any CPU
		{6EEB284B-1BA3-4CEC-975C-752D32A3BC19}.Release|x64.ActiveCfg = Release|x64
		{6EEB284B-1BA3-4CEC-975C-752D32A3BC19}.Release|x64.Build.0 = Release|x64
		{6EEB284B-1BA3-4CEC-975C-752D32A3BC19}.Release|x86.ActiveCfg = Release|Any CPU
		{6EEB284B-1BA3-4CEC-975C-752D32A3BC19}.Release|x86.Build.0 = Release|Any CPU
		{924C9D3B-47C6-4FAA-90C8-1C24692480D1}.Debug|Any CPU.ActiveCfg = Debug|Any CPU
		{924C9D3B-47C6-4FAA-90C8-1C24692480D1}.Debug|Any CPU.Build.0 = Debug|Any CPU
		{924C9D3B-47C6-4FAA-90C8-1C24692480D1}.Debug|x64.ActiveCfg = Debug|Any CPU
		{924C9D3B-47C6-4FAA-90C8-1C24692480D1}.Debug|x64.Build.0 = Debug|Any CPU
		{924C9D3B-47C6-4FAA-90C8-1C24692480D1}.Debug|x86.ActiveCfg = Debug|Any CPU
		{924C9D3B-47C6-4FAA-90C8-1C24692480D1}.Debug|x86.Build.0 = Debug|Any CPU
		{924C9D3B-47C6-4FAA-90C8-1C24692480D1}.Release|Any CPU.ActiveCfg = Release|Any CPU
		{924C9D3B-47C6-4FAA-90C8-1C24692480D1}.Release|Any CPU.Build.0 = Release|Any CPU
		{924C9D3B-47C6-4FAA-90C8-1C24692480D1}.Release|x64.ActiveCfg = Release|x64
		{924C9D3B-47C6-4FAA-90C8-1C24692480D1}.Release|x64.Build.0 = Release|x64
		{924C9D3B-47C6-4FAA-90C8-1C24692480D1}.Release|x86.ActiveCfg = Release|Any CPU
		{924C9D3B-47C6-4FAA-90C8-1C24692480D1}.Release|x86.Build.0 = Release|Any CPU
		{A3F271A6-AF48-4E57-8199-3ADDE596B3D2}.Debug|Any CPU.ActiveCfg = Debug|Any CPU
		{A3F271A6-AF48-4E57-8199-3ADDE596B3D2}.Debug|Any CPU.Build.0 = Debug|Any CPU
		{A3F271A6-AF48-4E57-8199-3ADDE596B3D2}.Debug|x64.ActiveCfg = Debug|x64
		{A3F271A6-AF48-4E57-8199-3ADDE596B3D2}.Debug|x64.Build.0 = Debug|x64
		{A3F271A6-AF48-4E57-8199-3ADDE596B3D2}.Debug|x86.ActiveCfg = Debug|Any CPU
		{A3F271A6-AF48-4E57-8199-3ADDE596B3D2}.Debug|x86.Build.0 = Debug|Any CPU
		{A3F271A6-AF48-4E57-8199-3ADDE596B3D2}.Release|Any CPU.ActiveCfg = Release|Any CPU
		{A3F271A6-AF48-4E57-8199-3ADDE596B3D2}.Release|Any CPU.Build.0 = Release|Any CPU
		{A3F271A6-AF48-4E57-8199-3ADDE596B3D2}.Release|x64.ActiveCfg = Release|x64
		{A3F271A6-AF48-4E57-8199-3ADDE596B3D2}.Release|x64.Build.0 = Release|x64
		{A3F271A6-AF48-4E57-8199-3ADDE596B3D2}.Release|x86.ActiveCfg = Release|Any CPU
		{A3F271A6-AF48-4E57-8199-3ADDE596B3D2}.Release|x86.Build.0 = Release|Any CPU
		{398EE20D-6F1C-40A1-8146-8928125288D8}.Debug|Any CPU.ActiveCfg = Debug|Any CPU
		{398EE20D-6F1C-40A1-8146-8928125288D8}.Debug|Any CPU.Build.0 = Debug|Any CPU
		{398EE20D-6F1C-40A1-8146-8928125288D8}.Debug|x64.ActiveCfg = Debug|x64
		{398EE20D-6F1C-40A1-8146-8928125288D8}.Debug|x64.Build.0 = Debug|x64
		{398EE20D-6F1C-40A1-8146-8928125288D8}.Debug|x86.ActiveCfg = Debug|Any CPU
		{398EE20D-6F1C-40A1-8146-8928125288D8}.Debug|x86.Build.0 = Debug|Any CPU
		{398EE20D-6F1C-40A1-8146-8928125288D8}.Release|Any CPU.ActiveCfg = Release|Any CPU
		{398EE20D-6F1C-40A1-8146-8928125288D8}.Release|Any CPU.Build.0 = Release|Any CPU
		{398EE20D-6F1C-40A1-8146-8928125288D8}.Release|x64.ActiveCfg = Release|x64
		{398EE20D-6F1C-40A1-8146-8928125288D8}.Release|x64.Build.0 = Release|x64
		{398EE20D-6F1C-40A1-8146-8928125288D8}.Release|x86.ActiveCfg = Release|Any CPU
		{398EE20D-6F1C-40A1-8146-8928125288D8}.Release|x86.Build.0 = Release|Any CPU
		{0F808508-EE16-40BE-829D-4DD9F0ACE5EA}.Debug|Any CPU.ActiveCfg = Debug|Any CPU
		{0F808508-EE16-40BE-829D-4DD9F0ACE5EA}.Debug|Any CPU.Build.0 = Debug|Any CPU
		{0F808508-EE16-40BE-829D-4DD9F0ACE5EA}.Debug|x64.ActiveCfg = Debug|x64
		{0F808508-EE16-40BE-829D-4DD9F0ACE5EA}.Debug|x64.Build.0 = Debug|x64
		{0F808508-EE16-40BE-829D-4DD9F0ACE5EA}.Debug|x86.ActiveCfg = Debug|Any CPU
		{0F808508-EE16-40BE-829D-4DD9F0ACE5EA}.Debug|x86.Build.0 = Debug|Any CPU
		{0F808508-EE16-40BE-829D-4DD9F0ACE5EA}.Release|Any CPU.ActiveCfg = Release|Any CPU
		{0F808508-EE16-40BE-829D-4DD9F0ACE5EA}.Release|Any CPU.Build.0 = Release|Any CPU
		{0F808508-EE16-40BE-829D-4DD9F0ACE5EA}.Release|x64.ActiveCfg = Release|x64
		{0F808508-EE16-40BE-829D-4DD9F0ACE5EA}.Release|x64.Build.0 = Release|x64
		{0F808508-EE16-40BE-829D-4DD9F0ACE5EA}.Release|x86.ActiveCfg = Release|Any CPU
		{0F808508-EE16-40BE-829D-4DD9F0ACE5EA}.Release|x86.Build.0 = Release|Any CPU
		{7E99ABD8-C9D9-4C1A-A861-FCE49AC3290C}.Debug|Any CPU.ActiveCfg = Debug|Any CPU
		{7E99ABD8-C9D9-4C1A-A861-FCE49AC3290C}.Debug|Any CPU.Build.0 = Debug|Any CPU
		{7E99ABD8-C9D9-4C1A-A861-FCE49AC3290C}.Debug|x64.ActiveCfg = Debug|x64
		{7E99ABD8-C9D9-4C1A-A861-FCE49AC3290C}.Debug|x64.Build.0 = Debug|x64
		{7E99ABD8-C9D9-4C1A-A861-FCE49AC3290C}.Debug|x86.ActiveCfg = Debug|Any CPU
		{7E99ABD8-C9D9-4C1A-A861-FCE49AC3290C}.Debug|x86.Build.0 = Debug|Any CPU
		{7E99ABD8-C9D9-4C1A-A861-FCE49AC3290C}.Release|Any CPU.ActiveCfg = Release|Any CPU
		{7E99ABD8-C9D9-4C1A-A861-FCE49AC3290C}.Release|Any CPU.Build.0 = Release|Any CPU
		{7E99ABD8-C9D9-4C1A-A861-FCE49AC3290C}.Release|x64.ActiveCfg = Release|x64
		{7E99ABD8-C9D9-4C1A-A861-FCE49AC3290C}.Release|x64.Build.0 = Release|x64
		{7E99ABD8-C9D9-4C1A-A861-FCE49AC3290C}.Release|x86.ActiveCfg = Release|Any CPU
		{7E99ABD8-C9D9-4C1A-A861-FCE49AC3290C}.Release|x86.Build.0 = Release|Any CPU
		{15890282-6097-4C18-8263-1AC1E18E1BAF}.Debug|Any CPU.ActiveCfg = Debug|Any CPU
		{15890282-6097-4C18-8263-1AC1E18E1BAF}.Debug|Any CPU.Build.0 = Debug|Any CPU
		{15890282-6097-4C18-8263-1AC1E18E1BAF}.Debug|x64.ActiveCfg = Debug|x64
		{15890282-6097-4C18-8263-1AC1E18E1BAF}.Debug|x64.Build.0 = Debug|x64
		{15890282-6097-4C18-8263-1AC1E18E1BAF}.Debug|x86.ActiveCfg = Debug|Any CPU
		{15890282-6097-4C18-8263-1AC1E18E1BAF}.Debug|x86.Build.0 = Debug|Any CPU
		{15890282-6097-4C18-8263-1AC1E18E1BAF}.Release|Any CPU.ActiveCfg = Release|Any CPU
		{15890282-6097-4C18-8263-1AC1E18E1BAF}.Release|Any CPU.Build.0 = Release|Any CPU
		{15890282-6097-4C18-8263-1AC1E18E1BAF}.Release|x64.ActiveCfg = Release|x64
		{15890282-6097-4C18-8263-1AC1E18E1BAF}.Release|x64.Build.0 = Release|x64
		{15890282-6097-4C18-8263-1AC1E18E1BAF}.Release|x86.ActiveCfg = Release|Any CPU
		{15890282-6097-4C18-8263-1AC1E18E1BAF}.Release|x86.Build.0 = Release|Any CPU
		{2AAC151A-8B7B-4B3C-9E89-A08715DD898A}.Debug|Any CPU.ActiveCfg = Debug|Any CPU
		{2AAC151A-8B7B-4B3C-9E89-A08715DD898A}.Debug|Any CPU.Build.0 = Debug|Any CPU
		{2AAC151A-8B7B-4B3C-9E89-A08715DD898A}.Debug|x64.ActiveCfg = Debug|x64
		{2AAC151A-8B7B-4B3C-9E89-A08715DD898A}.Debug|x64.Build.0 = Debug|x64
		{2AAC151A-8B7B-4B3C-9E89-A08715DD898A}.Debug|x86.ActiveCfg = Debug|Any CPU
		{2AAC151A-8B7B-4B3C-9E89-A08715DD898A}.Debug|x86.Build.0 = Debug|Any CPU
		{2AAC151A-8B7B-4B3C-9E89-A08715DD898A}.Release|Any CPU.ActiveCfg = Release|Any CPU
		{2AAC151A-8B7B-4B3C-9E89-A08715DD898A}.Release|Any CPU.Build.0 = Release|Any CPU
		{2AAC151A-8B7B-4B3C-9E89-A08715DD898A}.Release|x64.ActiveCfg = Release|x64
		{2AAC151A-8B7B-4B3C-9E89-A08715DD898A}.Release|x64.Build.0 = Release|x64
		{2AAC151A-8B7B-4B3C-9E89-A08715DD898A}.Release|x86.ActiveCfg = Release|Any CPU
		{2AAC151A-8B7B-4B3C-9E89-A08715DD898A}.Release|x86.Build.0 = Release|Any CPU
		{489749AD-32CB-485E-9AA3-849CA6381117}.Debug|Any CPU.ActiveCfg = Debug|Any CPU
		{489749AD-32CB-485E-9AA3-849CA6381117}.Debug|Any CPU.Build.0 = Debug|Any CPU
		{489749AD-32CB-485E-9AA3-849CA6381117}.Debug|x64.ActiveCfg = Debug|x64
		{489749AD-32CB-485E-9AA3-849CA6381117}.Debug|x64.Build.0 = Debug|x64
		{489749AD-32CB-485E-9AA3-849CA6381117}.Debug|x86.ActiveCfg = Debug|Any CPU
		{489749AD-32CB-485E-9AA3-849CA6381117}.Debug|x86.Build.0 = Debug|Any CPU
		{489749AD-32CB-485E-9AA3-849CA6381117}.Release|Any CPU.ActiveCfg = Release|Any CPU
		{489749AD-32CB-485E-9AA3-849CA6381117}.Release|Any CPU.Build.0 = Release|Any CPU
		{489749AD-32CB-485E-9AA3-849CA6381117}.Release|x64.ActiveCfg = Release|x64
		{489749AD-32CB-485E-9AA3-849CA6381117}.Release|x64.Build.0 = Release|x64
		{489749AD-32CB-485E-9AA3-849CA6381117}.Release|x86.ActiveCfg = Release|Any CPU
		{489749AD-32CB-485E-9AA3-849CA6381117}.Release|x86.Build.0 = Release|Any CPU
		{4BFDDF8D-2295-42D5-85C9-506E67D314A5}.Debug|Any CPU.ActiveCfg = Debug|Any CPU
		{4BFDDF8D-2295-42D5-85C9-506E67D314A5}.Debug|Any CPU.Build.0 = Debug|Any CPU
		{4BFDDF8D-2295-42D5-85C9-506E67D314A5}.Debug|x64.ActiveCfg = Debug|x64
		{4BFDDF8D-2295-42D5-85C9-506E67D314A5}.Debug|x64.Build.0 = Debug|x64
		{4BFDDF8D-2295-42D5-85C9-506E67D314A5}.Debug|x86.ActiveCfg = Debug|x86
		{4BFDDF8D-2295-42D5-85C9-506E67D314A5}.Debug|x86.Build.0 = Debug|x86
		{4BFDDF8D-2295-42D5-85C9-506E67D314A5}.Release|Any CPU.ActiveCfg = Release|Any CPU
		{4BFDDF8D-2295-42D5-85C9-506E67D314A5}.Release|Any CPU.Build.0 = Release|Any CPU
		{4BFDDF8D-2295-42D5-85C9-506E67D314A5}.Release|x64.ActiveCfg = Release|x64
		{4BFDDF8D-2295-42D5-85C9-506E67D314A5}.Release|x64.Build.0 = Release|x64
		{4BFDDF8D-2295-42D5-85C9-506E67D314A5}.Release|x86.ActiveCfg = Release|x86
		{4BFDDF8D-2295-42D5-85C9-506E67D314A5}.Release|x86.Build.0 = Release|x86
		{BC1D6335-6702-4C11-A126-B00E429AE8DA}.Debug|Any CPU.ActiveCfg = Debug|Any CPU
		{BC1D6335-6702-4C11-A126-B00E429AE8DA}.Debug|Any CPU.Build.0 = Debug|Any CPU
		{BC1D6335-6702-4C11-A126-B00E429AE8DA}.Debug|x64.ActiveCfg = Debug|x64
		{BC1D6335-6702-4C11-A126-B00E429AE8DA}.Debug|x64.Build.0 = Debug|x64
		{BC1D6335-6702-4C11-A126-B00E429AE8DA}.Debug|x86.ActiveCfg = Debug|Any CPU
		{BC1D6335-6702-4C11-A126-B00E429AE8DA}.Debug|x86.Build.0 = Debug|Any CPU
		{BC1D6335-6702-4C11-A126-B00E429AE8DA}.Release|Any CPU.ActiveCfg = Release|Any CPU
		{BC1D6335-6702-4C11-A126-B00E429AE8DA}.Release|Any CPU.Build.0 = Release|Any CPU
		{BC1D6335-6702-4C11-A126-B00E429AE8DA}.Release|x64.ActiveCfg = Release|x64
		{BC1D6335-6702-4C11-A126-B00E429AE8DA}.Release|x64.Build.0 = Release|x64
		{BC1D6335-6702-4C11-A126-B00E429AE8DA}.Release|x86.ActiveCfg = Release|Any CPU
		{BC1D6335-6702-4C11-A126-B00E429AE8DA}.Release|x86.Build.0 = Release|Any CPU
		{A3EAAA24-5913-471E-ADB1-402F64536A63}.Debug|Any CPU.ActiveCfg = Debug|Any CPU
		{A3EAAA24-5913-471E-ADB1-402F64536A63}.Debug|Any CPU.Build.0 = Debug|Any CPU
		{A3EAAA24-5913-471E-ADB1-402F64536A63}.Debug|x64.ActiveCfg = Debug|x64
		{A3EAAA24-5913-471E-ADB1-402F64536A63}.Debug|x64.Build.0 = Debug|x64
		{A3EAAA24-5913-471E-ADB1-402F64536A63}.Debug|x86.ActiveCfg = Debug|x86
		{A3EAAA24-5913-471E-ADB1-402F64536A63}.Debug|x86.Build.0 = Debug|x86
		{A3EAAA24-5913-471E-ADB1-402F64536A63}.Release|Any CPU.ActiveCfg = Release|Any CPU
		{A3EAAA24-5913-471E-ADB1-402F64536A63}.Release|Any CPU.Build.0 = Release|Any CPU
		{A3EAAA24-5913-471E-ADB1-402F64536A63}.Release|x64.ActiveCfg = Release|x64
		{A3EAAA24-5913-471E-ADB1-402F64536A63}.Release|x64.Build.0 = Release|x64
		{A3EAAA24-5913-471E-ADB1-402F64536A63}.Release|x86.ActiveCfg = Release|x86
		{A3EAAA24-5913-471E-ADB1-402F64536A63}.Release|x86.Build.0 = Release|x86
		{5E454BA2-011C-4BC8-B753-91B41BA35AC2}.Debug|Any CPU.ActiveCfg = Debug|Any CPU
		{5E454BA2-011C-4BC8-B753-91B41BA35AC2}.Debug|Any CPU.Build.0 = Debug|Any CPU
		{5E454BA2-011C-4BC8-B753-91B41BA35AC2}.Debug|x64.ActiveCfg = Debug|x64
		{5E454BA2-011C-4BC8-B753-91B41BA35AC2}.Debug|x64.Build.0 = Debug|x64
		{5E454BA2-011C-4BC8-B753-91B41BA35AC2}.Debug|x86.ActiveCfg = Debug|Any CPU
		{5E454BA2-011C-4BC8-B753-91B41BA35AC2}.Debug|x86.Build.0 = Debug|Any CPU
		{5E454BA2-011C-4BC8-B753-91B41BA35AC2}.Release|Any CPU.ActiveCfg = Release|Any CPU
		{5E454BA2-011C-4BC8-B753-91B41BA35AC2}.Release|Any CPU.Build.0 = Release|Any CPU
		{5E454BA2-011C-4BC8-B753-91B41BA35AC2}.Release|x64.ActiveCfg = Release|x64
		{5E454BA2-011C-4BC8-B753-91B41BA35AC2}.Release|x64.Build.0 = Release|x64
		{5E454BA2-011C-4BC8-B753-91B41BA35AC2}.Release|x86.ActiveCfg = Release|Any CPU
		{5E454BA2-011C-4BC8-B753-91B41BA35AC2}.Release|x86.Build.0 = Release|Any CPU
		{7B380674-A416-400E-825B-749411DA383A}.Debug|Any CPU.ActiveCfg = Debug|Any CPU
		{7B380674-A416-400E-825B-749411DA383A}.Debug|Any CPU.Build.0 = Debug|Any CPU
		{7B380674-A416-400E-825B-749411DA383A}.Debug|x64.ActiveCfg = Debug|x64
		{7B380674-A416-400E-825B-749411DA383A}.Debug|x64.Build.0 = Debug|x64
		{7B380674-A416-400E-825B-749411DA383A}.Debug|x86.ActiveCfg = Debug|Any CPU
		{7B380674-A416-400E-825B-749411DA383A}.Debug|x86.Build.0 = Debug|Any CPU
		{7B380674-A416-400E-825B-749411DA383A}.Release|Any CPU.ActiveCfg = Release|Any CPU
		{7B380674-A416-400E-825B-749411DA383A}.Release|Any CPU.Build.0 = Release|Any CPU
		{7B380674-A416-400E-825B-749411DA383A}.Release|x64.ActiveCfg = Release|x64
		{7B380674-A416-400E-825B-749411DA383A}.Release|x64.Build.0 = Release|x64
		{7B380674-A416-400E-825B-749411DA383A}.Release|x86.ActiveCfg = Release|Any CPU
		{7B380674-A416-400E-825B-749411DA383A}.Release|x86.Build.0 = Release|Any CPU
		{9EE081BD-F184-4D8B-BFFA-74DDCABD067B}.Debug|Any CPU.ActiveCfg = Debug|Any CPU
		{9EE081BD-F184-4D8B-BFFA-74DDCABD067B}.Debug|Any CPU.Build.0 = Debug|Any CPU
		{9EE081BD-F184-4D8B-BFFA-74DDCABD067B}.Debug|x64.ActiveCfg = Debug|x64
		{9EE081BD-F184-4D8B-BFFA-74DDCABD067B}.Debug|x64.Build.0 = Debug|x64
		{9EE081BD-F184-4D8B-BFFA-74DDCABD067B}.Debug|x86.ActiveCfg = Debug|Any CPU
		{9EE081BD-F184-4D8B-BFFA-74DDCABD067B}.Debug|x86.Build.0 = Debug|Any CPU
		{9EE081BD-F184-4D8B-BFFA-74DDCABD067B}.Release|Any CPU.ActiveCfg = Release|Any CPU
		{9EE081BD-F184-4D8B-BFFA-74DDCABD067B}.Release|Any CPU.Build.0 = Release|Any CPU
		{9EE081BD-F184-4D8B-BFFA-74DDCABD067B}.Release|x64.ActiveCfg = Release|x64
		{9EE081BD-F184-4D8B-BFFA-74DDCABD067B}.Release|x64.Build.0 = Release|x64
		{9EE081BD-F184-4D8B-BFFA-74DDCABD067B}.Release|x86.ActiveCfg = Release|Any CPU
		{9EE081BD-F184-4D8B-BFFA-74DDCABD067B}.Release|x86.Build.0 = Release|Any CPU
		{267BDC6C-00BB-457C-8097-8ED6D4761122}.Debug|Any CPU.ActiveCfg = Debug|Any CPU
		{267BDC6C-00BB-457C-8097-8ED6D4761122}.Debug|Any CPU.Build.0 = Debug|Any CPU
		{267BDC6C-00BB-457C-8097-8ED6D4761122}.Debug|x64.ActiveCfg = Debug|x64
		{267BDC6C-00BB-457C-8097-8ED6D4761122}.Debug|x64.Build.0 = Debug|x64
		{267BDC6C-00BB-457C-8097-8ED6D4761122}.Debug|x86.ActiveCfg = Debug|Any CPU
		{267BDC6C-00BB-457C-8097-8ED6D4761122}.Debug|x86.Build.0 = Debug|Any CPU
		{267BDC6C-00BB-457C-8097-8ED6D4761122}.Release|Any CPU.ActiveCfg = Release|Any CPU
		{267BDC6C-00BB-457C-8097-8ED6D4761122}.Release|Any CPU.Build.0 = Release|Any CPU
		{267BDC6C-00BB-457C-8097-8ED6D4761122}.Release|x64.ActiveCfg = Release|x64
		{267BDC6C-00BB-457C-8097-8ED6D4761122}.Release|x64.Build.0 = Release|x64
		{267BDC6C-00BB-457C-8097-8ED6D4761122}.Release|x86.ActiveCfg = Release|Any CPU
		{267BDC6C-00BB-457C-8097-8ED6D4761122}.Release|x86.Build.0 = Release|Any CPU
	EndGlobalSection
	GlobalSection(SolutionProperties) = preSolution
		HideSolutionNode = FALSE
	EndGlobalSection
	GlobalSection(ExtensibilityGlobals) = postSolution
		SolutionGuid = {4FA4A42F-CE77-4F48-8C78-E763BDD1B35F}
	EndGlobalSection
EndGlobal
