
Microsoft Visual Studio Solution File, Format Version 12.00
# Visual Studio 15
VisualStudioVersion = 15.0.28307.106
MinimumVisualStudioVersion = 10.0.40219.1
Project("{FAE04EC0-301F-11D3-BF4B-00C04F79EFBC}") = "XUnitTestProject1", "XUnitTestProject1\XUnitTestProject1.csproj", "{3453AC1E-0ACB-451D-B62C-03693CB1D5FF}"
EndProject
Project("{9A19103F-16F7-4668-BE54-9A1E7A4F7556}") = "HLab.Base", "..\HLab.Base\HLab.Base.csproj", "{4D355586-7C11-4D02-AD6A-136638A1B1AD}"
EndProject
Global
	GlobalSection(SolutionConfigurationPlatforms) = preSolution
		Debug|Any CPU = Debug|Any CPU
		Debug|x64 = Debug|x64
		Release|Any CPU = Release|Any CPU
		Release|x64 = Release|x64
	EndGlobalSection
	GlobalSection(ProjectConfigurationPlatforms) = postSolution
		{3453AC1E-0ACB-451D-B62C-03693CB1D5FF}.Debug|Any CPU.ActiveCfg = Debug|Any CPU
		{3453AC1E-0ACB-451D-B62C-03693CB1D5FF}.Debug|Any CPU.Build.0 = Debug|Any CPU
		{3453AC1E-0ACB-451D-B62C-03693CB1D5FF}.Debug|x64.ActiveCfg = Debug|Any CPU
		{3453AC1E-0ACB-451D-B62C-03693CB1D5FF}.Debug|x64.Build.0 = Debug|Any CPU
		{3453AC1E-0ACB-451D-B62C-03693CB1D5FF}.Release|Any CPU.ActiveCfg = Release|Any CPU
		{3453AC1E-0ACB-451D-B62C-03693CB1D5FF}.Release|Any CPU.Build.0 = Release|Any CPU
		{3453AC1E-0ACB-451D-B62C-03693CB1D5FF}.Release|x64.ActiveCfg = Release|Any CPU
		{3453AC1E-0ACB-451D-B62C-03693CB1D5FF}.Release|x64.Build.0 = Release|Any CPU
		{4D355586-7C11-4D02-AD6A-136638A1B1AD}.Debug|Any CPU.ActiveCfg = Debug|Any CPU
		{4D355586-7C11-4D02-AD6A-136638A1B1AD}.Debug|Any CPU.Build.0 = Debug|Any CPU
		{4D355586-7C11-4D02-AD6A-136638A1B1AD}.Debug|x64.ActiveCfg = Debug|x64
		{4D355586-7C11-4D02-AD6A-136638A1B1AD}.Debug|x64.Build.0 = Debug|x64
		{4D355586-7C11-4D02-AD6A-136638A1B1AD}.Release|Any CPU.ActiveCfg = Release|Any CPU
		{4D355586-7C11-4D02-AD6A-136638A1B1AD}.Release|Any CPU.Build.0 = Release|Any CPU
		{4D355586-7C11-4D02-AD6A-136638A1B1AD}.Release|x64.ActiveCfg = Release|x64
		{4D355586-7C11-4D02-AD6A-136638A1B1AD}.Release|x64.Build.0 = Release|x64
	EndGlobalSection
	GlobalSection(SolutionProperties) = preSolution
		HideSolutionNode = FALSE
	EndGlobalSection
	GlobalSection(ExtensibilityGlobals) = postSolution
		SolutionGuid = {E20A5D29-FCB8-479F-8DD6-67ECAA63C59B}
	EndGlobalSection
EndGlobal
