
Microsoft Visual Studio Solution File, Format Version 12.00
# Visual Studio Version 16
VisualStudioVersion = 16.0.28917.182
MinimumVisualStudioVersion = 10.0.40219.1
Project("{FAE04EC0-301F-11D3-BF4B-00C04F79EFBC}") = "HLab.Base.Wpf.Test", "HLab.Base.Wpf.Test\HLab.Base.Wpf.Test.csproj", "{0667EE09-0DBA-462F-BEE0-DC45ED6CE801}"
EndProject
Project("{FAE04EC0-301F-11D3-BF4B-00C04F79EFBC}") = "HLab.Base.Wpf", "..\HLab.Base.Wpf\HLab.Base.Wpf.csproj", "{6EEB284B-1BA3-4CEC-975C-752D32A3BC19}"
EndProject
Global
	GlobalSection(SolutionConfigurationPlatforms) = preSolution
		Debug|Any CPU = Debug|Any CPU
		Debug|x64 = Debug|x64
		Debug|x86 = Debug|x86
		Release|Any CPU = Release|Any CPU
		Release|x64 = Release|x64
		Release|x86 = Release|x86
	EndGlobalSection
	GlobalSection(ProjectConfigurationPlatforms) = postSolution
		{0667EE09-0DBA-462F-BEE0-DC45ED6CE801}.Debug|Any CPU.ActiveCfg = Debug|Any CPU
		{0667EE09-0DBA-462F-BEE0-DC45ED6CE801}.Debug|Any CPU.Build.0 = Debug|Any CPU
		{0667EE09-0DBA-462F-BEE0-DC45ED6CE801}.Debug|x64.ActiveCfg = Debug|Any CPU
		{0667EE09-0DBA-462F-BEE0-DC45ED6CE801}.Debug|x64.Build.0 = Debug|Any CPU
		{0667EE09-0DBA-462F-BEE0-DC45ED6CE801}.Debug|x86.ActiveCfg = Debug|Any CPU
		{0667EE09-0DBA-462F-BEE0-DC45ED6CE801}.Debug|x86.Build.0 = Debug|Any CPU
		{0667EE09-0DBA-462F-BEE0-DC45ED6CE801}.Release|Any CPU.ActiveCfg = Release|Any CPU
		{0667EE09-0DBA-462F-BEE0-DC45ED6CE801}.Release|Any CPU.Build.0 = Release|Any CPU
		{0667EE09-0DBA-462F-BEE0-DC45ED6CE801}.Release|x64.ActiveCfg = Release|Any CPU
		{0667EE09-0DBA-462F-BEE0-DC45ED6CE801}.Release|x64.Build.0 = Release|Any CPU
		{0667EE09-0DBA-462F-BEE0-DC45ED6CE801}.Release|x86.ActiveCfg = Release|Any CPU
		{0667EE09-0DBA-462F-BEE0-DC45ED6CE801}.Release|x86.Build.0 = Release|Any CPU
		{6EEB284B-1BA3-4CEC-975C-752D32A3BC19}.Debug|Any CPU.ActiveCfg = Debug|Any CPU
		{6EEB284B-1BA3-4CEC-975C-752D32A3BC19}.Debug|Any CPU.Build.0 = Debug|Any CPU
		{6EEB284B-1BA3-4CEC-975C-752D32A3BC19}.Debug|x64.ActiveCfg = Debug|x64
		{6EEB284B-1BA3-4CEC-975C-752D32A3BC19}.Debug|x64.Build.0 = Debug|x64
		{6EEB284B-1BA3-4CEC-975C-752D32A3BC19}.Debug|x86.ActiveCfg = Debug|Any CPU
		{6EEB284B-1BA3-4CEC-975C-752D32A3BC19}.Debug|x86.Build.0 = Debug|Any CPU
		{6EEB284B-1BA3-4CEC-975C-752D32A3BC19}.Release|Any CPU.ActiveCfg = Release|Any CPU
		{6EEB284B-1BA3-4CEC-975C-752D32A3BC19}.Release|Any CPU.Build.0 = Release|Any CPU
		{6EEB284B-1BA3-4CEC-975C-752D32A3BC19}.Release|x64.ActiveCfg = Release|x64
		{6EEB284B-1BA3-4CEC-975C-752D32A3BC19}.Release|x64.Build.0 = Release|x64
		{6EEB284B-1BA3-4CEC-975C-752D32A3BC19}.Release|x86.ActiveCfg = Release|Any CPU
		{6EEB284B-1BA3-4CEC-975C-752D32A3BC19}.Release|x86.Build.0 = Release|Any CPU
	EndGlobalSection
	GlobalSection(SolutionProperties) = preSolution
		HideSolutionNode = FALSE
	EndGlobalSection
	GlobalSection(ExtensibilityGlobals) = postSolution
		SolutionGuid = {834BA522-1257-4831-8C8D-6586160D230F}
	EndGlobalSection
EndGlobal
